Microsoft Visual Studio Solution File, Format Version 11.00
# Visual Studio 2010
Project("{FAE04EC0-301F-11D3-BF4B-00C04F79EFBC}") = "AI4Animation", "Assembly-CSharp.csproj", "{5FDE2DF8-64C4-366C-065A-6AC76291305F}"
EndProject
Project("{FAE04EC0-301F-11D3-BF4B-00C04F79EFBC}") = "AI4Animation", "Assembly-CSharp-Editor.csproj", "{ED5026AB-2A79-6AC4-8234-F733423FCDA4}"
EndProject
Global
	GlobalSection(SolutionConfigurationPlatforms) = preSolution
		Debug|Any CPU = Debug|Any CPU
		Release|Any CPU = Release|Any CPU
	EndGlobalSection
	GlobalSection(ProjectConfigurationPlatforms) = postSolution
		{5FDE2DF8-64C4-366C-065A-6AC76291305F}.Debug|Any CPU.ActiveCfg = Debug|Any CPU
		{5FDE2DF8-64C4-366C-065A-6AC76291305F}.Debug|Any CPU.Build.0 = Debug|Any CPU
		{5FDE2DF8-64C4-366C-065A-6AC76291305F}.Release|Any CPU.ActiveCfg = Release|Any CPU
		{5FDE2DF8-64C4-366C-065A-6AC76291305F}.Release|Any CPU.Build.0 = Release|Any CPU
		{ED5026AB-2A79-6AC4-8234-F733423FCDA4}.Debug|Any CPU.ActiveCfg = Debug|Any CPU
		{ED5026AB-2A79-6AC4-8234-F733423FCDA4}.Debug|Any CPU.Build.0 = Debug|Any CPU
		{ED5026AB-2A79-6AC4-8234-F733423FCDA4}.Release|Any CPU.ActiveCfg = Release|Any CPU
		{ED5026AB-2A79-6AC4-8234-F733423FCDA4}.Release|Any CPU.Build.0 = Release|Any CPU
	EndGlobalSection
	GlobalSection(MonoDevelopProperties) = preSolution
		StartupItem = Assembly-CSharp.csproj
	EndGlobalSection
EndGlobal
